
Microsoft Visual Studio Solution File, Format Version 12.00
# Visual Studio Version 17
VisualStudioVersion = 17.8.34330.188
MinimumVisualStudioVersion = 10.0.40219.1
Project("{9A19103F-16F7-4668-BE54-9A1E7A4F7556}") = "NZWALKS.API", "NZWALKS.API\NZWALKS.API.csproj", "{197D4689-30EF-44E3-94B6-FC5008356A2E}"
EndProject
Project("{FAE04EC0-301F-11D3-BF4B-00C04F79EFBC}") = "NZWALKS.UI", "NZWALKS.UI\NZWALKS.UI.csproj", "{615BB19D-E026-4B18-BD93-3CDCB0137FB1}"
EndProject
Global
	GlobalSection(SolutionConfigurationPlatforms) = preSolution
		Debug|Any CPU = Debug|Any CPU
		Release|Any CPU = Release|Any CPU
	EndGlobalSection
	GlobalSection(ProjectConfigurationPlatforms) = postSolution
		{197D4689-30EF-44E3-94B6-FC5008356A2E}.Debug|Any CPU.ActiveCfg = Debug|Any CPU
		{197D4689-30EF-44E3-94B6-FC5008356A2E}.Debug|Any CPU.Build.0 = Debug|Any CPU
		{197D4689-30EF-44E3-94B6-FC5008356A2E}.Release|Any CPU.ActiveCfg = Release|Any CPU
		{197D4689-30EF-44E3-94B6-FC5008356A2E}.Release|Any CPU.Build.0 = Release|Any CPU
		{615BB19D-E026-4B18-BD93-3CDCB0137FB1}.Debug|Any CPU.ActiveCfg = Debug|Any CPU
		{615BB19D-E026-4B18-BD93-3CDCB0137FB1}.Debug|Any CPU.Build.0 = Debug|Any CPU
		{615BB19D-E026-4B18-BD93-3CDCB0137FB1}.Release|Any CPU.ActiveCfg = Release|Any CPU
		{615BB19D-E026-4B18-BD93-3CDCB0137FB1}.Release|Any CPU.Build.0 = Release|Any CPU
	EndGlobalSection
	GlobalSection(SolutionProperties) = preSolution
		HideSolutionNode = FALSE
	EndGlobalSection
	GlobalSection(ExtensibilityGlobals) = postSolution
		SolutionGuid = {4BFC6F5A-A4A0-4B20-8D97-37C37EDD5196}
	EndGlobalSection
EndGlobal
